
Microsoft Visual Studio Solution File, Format Version 12.00
# Visual Studio Version 17
VisualStudioVersion = 17.5.33530.505
MinimumVisualStudioVersion = 10.0.40219.1
Project("{FAE04EC0-301F-11D3-BF4B-00C04F79EFBC}") = "Lanchonete", "Lanchonete\Lanchonete.csproj", "{4EAB53B0-C5D0-442C-AAF4-BC811BA836FF}"
EndProject
Global
	GlobalSection(SolutionConfigurationPlatforms) = preSolution
		Debug|Any CPU = Debug|Any CPU
		Release|Any CPU = Release|Any CPU
	EndGlobalSection
	GlobalSection(ProjectConfigurationPlatforms) = postSolution
		{4EAB53B0-C5D0-442C-AAF4-BC811BA836FF}.Debug|Any CPU.ActiveCfg = Debug|Any CPU
		{4EAB53B0-C5D0-442C-AAF4-BC811BA836FF}.Debug|Any CPU.Build.0 = Debug|Any CPU
		{4EAB53B0-C5D0-442C-AAF4-BC811BA836FF}.Release|Any CPU.ActiveCfg = Release|Any CPU
		{4EAB53B0-C5D0-442C-AAF4-BC811BA836FF}.Release|Any CPU.Build.0 = Release|Any CPU
	EndGlobalSection
	GlobalSection(SolutionProperties) = preSolution
		HideSolutionNode = FALSE
	EndGlobalSection
	GlobalSection(ExtensibilityGlobals) = postSolution
		SolutionGuid = {19741190-9E35-4157-9577-93C1A89E0315}
	EndGlobalSection
EndGlobal
